
Microsoft Visual Studio Solution File, Format Version 12.00
# Visual Studio Version 17
VisualStudioVersion = 17.0.32014.148
MinimumVisualStudioVersion = 10.0.40219.1
Project("{FAE04EC0-301F-11D3-BF4B-00C04F79EFBC}") = "BlazorEnvironments", "BlazorEnvironments.csproj", "{5033361C-0E66-4EB6-BD71-7600B56BD0BB}"
EndProject
Global
	GlobalSection(SolutionConfigurationPlatforms) = preSolution
		Debug|Any CPU = Debug|Any CPU
		Release|Any CPU = Release|Any CPU
	EndGlobalSection
	GlobalSection(ProjectConfigurationPlatforms) = postSolution
		{5033361C-0E66-4EB6-BD71-7600B56BD0BB}.Debug|Any CPU.ActiveCfg = Debug|Any CPU
		{5033361C-0E66-4EB6-BD71-7600B56BD0BB}.Debug|Any CPU.Build.0 = Debug|Any CPU
		{5033361C-0E66-4EB6-BD71-7600B56BD0BB}.Release|Any CPU.ActiveCfg = Release|Any CPU
		{5033361C-0E66-4EB6-BD71-7600B56BD0BB}.Release|Any CPU.Build.0 = Release|Any CPU
	EndGlobalSection
	GlobalSection(SolutionProperties) = preSolution
		HideSolutionNode = FALSE
	EndGlobalSection
	GlobalSection(ExtensibilityGlobals) = postSolution
		SolutionGuid = {B0CA70A7-71DC-4442-A779-7613A8ED3352}
	EndGlobalSection
EndGlobal
